
Microsoft Visual Studio Solution File, Format Version 12.00
# Visual Studio Version 17
VisualStudioVersion = 17.4.33122.133
MinimumVisualStudioVersion = 10.0.40219.1
Project("{FAE04EC0-301F-11D3-BF4B-00C04F79EFBC}") = "task3", "task3.csproj", "{443EA43A-AC90-41B5-B64B-63B8392C1537}"
EndProject
Global
	GlobalSection(SolutionConfigurationPlatforms) = preSolution
		Debug|Any CPU = Debug|Any CPU
		Release|Any CPU = Release|Any CPU
	EndGlobalSection
	GlobalSection(ProjectConfigurationPlatforms) = postSolution
		{443EA43A-AC90-41B5-B64B-63B8392C1537}.Debug|Any CPU.ActiveCfg = Debug|Any CPU
		{443EA43A-AC90-41B5-B64B-63B8392C1537}.Debug|Any CPU.Build.0 = Debug|Any CPU
		{443EA43A-AC90-41B5-B64B-63B8392C1537}.Release|Any CPU.ActiveCfg = Release|Any CPU
		{443EA43A-AC90-41B5-B64B-63B8392C1537}.Release|Any CPU.Build.0 = Release|Any CPU
	EndGlobalSection
	GlobalSection(SolutionProperties) = preSolution
		HideSolutionNode = FALSE
	EndGlobalSection
	GlobalSection(ExtensibilityGlobals) = postSolution
		SolutionGuid = {E9E31C09-CD58-492E-BC6B-CAC1582AA145}
	EndGlobalSection
EndGlobal
